// !$*UTF8*$!
{
	archiveVersion = 1;
	classes = {
	};
	objectVersion = 55;
	objects = {

/* Begin PBXBuildFile section */
		35F66D6128F46A9A008FA538 /* DYLiveBroadcastApp.swift in Sources */ = {isa = PBXBuildFile; fileRef = 35F66D6028F46A9A008FA538 /* DYLiveBroadcastApp.swift */; };
		35F66D6328F46A9A008FA538 /* ContentView.swift in Sources */ = {isa = PBXBuildFile; fileRef = 35F66D6228F46A9A008FA538 /* ContentView.swift */; };
		35F66D6528F46A9D008FA538 /* Assets.xcassets in Resources */ = {isa = PBXBuildFile; fileRef = 35F66D6428F46A9D008FA538 /* Assets.xcassets */; };
		35F66D6828F46A9D008FA538 /* Preview Assets.xcassets in Resources */ = {isa = PBXBuildFile; fileRef = 35F66D6728F46A9D008FA538 /* Preview Assets.xcassets */; };
		35F66D7228F46A9D008FA538 /* DYLiveBroadcastTests.swift in Sources */ = {isa = PBXBuildFile; fileRef = 35F66D7128F46A9D008FA538 /* DYLiveBroadcastTests.swift */; };
		35F66D7C28F46A9D008FA538 /* DYLiveBroadcastUITests.swift in Sources */ = {isa = PBXBuildFile; fileRef = 35F66D7B28F46A9D008FA538 /* DYLiveBroadcastUITests.swift */; };
		35F66D7E28F46A9D008FA538 /* DYLiveBroadcastUITestsLaunchTests.swift in Sources */ = {isa = PBXBuildFile; fileRef = 35F66D7D28F46A9D008FA538 /* DYLiveBroadcastUITestsLaunchTests.swift */; };
/* End PBXBuildFile section */

/* Begin PBXContainerItemProxy section */
		35F66D6E28F46A9D008FA538 /* PBXContainerItemProxy */ = {
			isa = PBXContainerItemProxy;
			containerPortal = 35F66D5528F46A9A008FA538 /* Project object */;
			proxyType = 1;
			remoteGlobalIDString = 35F66D5C28F46A9A008FA538;
			remoteInfo = DYLiveBroadcast;
		};
		35F66D7828F46A9D008FA538 /* PBXContainerItemProxy */ = {
			isa = PBXContainerItemProxy;
			containerPortal = 35F66D5528F46A9A008FA538 /* Project object */;
			proxyType = 1;
			remoteGlobalIDString = 35F66D5C28F46A9A008FA538;
			remoteInfo = DYLiveBroadcast;
		};
/* End PBXContainerItemProxy section */

/* Begin PBXFileReference section */
		35F66D5D28F46A9A008FA538 /* DYLiveBroadcast.app */ = {isa = PBXFileReference; explicitFileType = wrapper.application; includeInIndex = 0; path = DYLiveBroadcast.app; sourceTree = BUILT_PRODUCTS_DIR; };
		35F66D6028F46A9A008FA538 /* DYLiveBroadcastApp.swift */ = {isa = PBXFileReference; lastKnownFileType = sourcecode.swift; path = DYLiveBroadcastApp.swift; sourceTree = "<group>"; };
		35F66D6228F46A9A008FA538 /* ContentView.swift */ = {isa = PBXFileReference; lastKnownFileType = sourcecode.swift; path = ContentView.swift; sourceTree = "<group>"; };
		35F66D6428F46A9D008FA538 /* Assets.xcassets */ = {isa = PBXFileReference; lastKnownFileType = folder.assetcatalog; path = Assets.xcassets; sourceTree = "<group>"; };
		35F66D6728F46A9D008FA538 /* Preview Assets.xcassets */ = {isa = PBXFileReference; lastKnownFileType = folder.assetcatalog; path = "Preview Assets.xcassets"; sourceTree = "<group>"; };
		35F66D6D28F46A9D008FA538 /* DYLiveBroadcastTests.xctest */ = {isa = PBXFileReference; explicitFileType = wrapper.cfbundle; includeInIndex = 0; path = DYLiveBroadcastTests.xctest; sourceTree = BUILT_PRODUCTS_DIR; };
		35F66D7128F46A9D008FA538 /* DYLiveBroadcastTests.swift */ = {isa = PBXFileReference; lastKnownFileType = sourcecode.swift; path = DYLiveBroadcastTests.swift; sourceTree = "<group>"; };
		35F66D7728F46A9D008FA538 /* DYLiveBroadcastUITests.xctest */ = {isa = PBXFileReference; explicitFileType = wrapper.cfbundle; includeInIndex = 0; path = DYLiveBroadcastUITests.xctest; sourceTree = BUILT_PRODUCTS_DIR; };
		35F66D7B28F46A9D008FA538 /* DYLiveBroadcastUITests.swift */ = {isa = PBXFileReference; lastKnownFileType = sourcecode.swift; path = DYLiveBroadcastUITests.swift; sourceTree = "<group>"; };
		35F66D7D28F46A9D008FA538 /* DYLiveBroadcastUITestsLaunchTests.swift */ = {isa = PBXFileReference; lastKnownFileType = sourcecode.swift; path = DYLiveBroadcastUITestsLaunchTests.swift; sourceTree = "<group>"; };
/* End PBXFileReference section */

/* Begin PBXFrameworksBuildPhase section */
		35F66D5A28F46A9A008FA538 /* Frameworks */ = {
			isa = PBXFrameworksBuildPhase;
			buildActionMask = 2147483647;
			files = (
			);
			runOnlyForDeploymentPostprocessing = 0;
		};
		35F66D6A28F46A9D008FA538 /* Frameworks */ = {
			isa = PBXFrameworksBuildPhase;
			buildActionMask = 2147483647;
			files = (
			);
			runOnlyForDeploymentPostprocessing = 0;
		};
		35F66D7428F46A9D008FA538 /* Frameworks */ = {
			isa = PBXFrameworksBuildPhase;
			buildActionMask = 2147483647;
			files = (
			);
			runOnlyForDeploymentPostprocessing = 0;
		};
/* End PBXFrameworksBuildPhase section */

/* Begin PBXGroup section */
		35F66D5428F46A9A008FA538 = {
			isa = PBXGroup;
			children = (
				35F66D5F28F46A9A008FA538 /* DYLiveBroadcast */,
				35F66D7028F46A9D008FA538 /* DYLiveBroadcastTests */,
				35F66D7A28F46A9D008FA538 /* DYLiveBroadcastUITests */,
				35F66D5E28F46A9A008FA538 /* Products */,
			);
			sourceTree = "<group>";
		};
		35F66D5E28F46A9A008FA538 /* Products */ = {
			isa = PBXGroup;
			children = (
				35F66D5D28F46A9A008FA538 /* DYLiveBroadcast.app */,
				35F66D6D28F46A9D008FA538 /* DYLiveBroadcastTests.xctest */,
				35F66D7728F46A9D008FA538 /* DYLiveBroadcastUITests.xctest */,
			);
			name = Products;
			sourceTree = "<group>";
		};
		35F66D5F28F46A9A008FA538 /* DYLiveBroadcast */ = {
			isa = PBXGroup;
			children = (
				35F66D6028F46A9A008FA538 /* DYLiveBroadcastApp.swift */,
				35F66D6228F46A9A008FA538 /* ContentView.swift */,
				35F66D6428F46A9D008FA538 /* Assets.xcassets */,
				35F66D6628F46A9D008FA538 /* Preview Content */,
			);
			path = DYLiveBroadcast;
			sourceTree = "<group>";
		};
		35F66D6628F46A9D008FA538 /* Preview Content */ = {
			isa = PBXGroup;
			children = (
				35F66D6728F46A9D008FA538 /* Preview Assets.xcassets */,
			);
			path = "Preview Content";
			sourceTree = "<group>";
		};
		35F66D7028F46A9D008FA538 /* DYLiveBroadcastTests */ = {
			isa = PBXGroup;
			children = (
				35F66D7128F46A9D008FA538 /* DYLiveBroadcastTests.swift */,
			);
			path = DYLiveBroadcastTests;
			sourceTree = "<group>";
		};
		35F66D7A28F46A9D008FA538 /* DYLiveBroadcastUITests */ = {
			isa = PBXGroup;
			children = (
				35F66D7B28F46A9D008FA538 /* DYLiveBroadcastUITests.swift */,
				35F66D7D28F46A9D008FA538 /* DYLiveBroadcastUITestsLaunchTests.swift */,
			);
			path = DYLiveBroadcastUITests;
			sourceTree = "<group>";
		};
/* End PBXGroup section */

/* Begin PBXNativeTarget section */
		35F66D5C28F46A9A008FA538 /* DYLiveBroadcast */ = {
			isa = PBXNativeTarget;
			buildConfigurationList = 35F66D8128F46A9D008FA538 /* Build configuration list for PBXNativeTarget "DYLiveBroadcast" */;
			buildPhases = (
				35F66D5928F46A9A008FA538 /* Sources */,
				35F66D5A28F46A9A008FA538 /* Frameworks */,
				35F66D5B28F46A9A008FA538 /* Resources */,
			);
			buildRules = (
			);
			dependencies = (
			);
			name = DYLiveBroadcast;
			productName = DYLiveBroadcast;
			productReference = 35F66D5D28F46A9A008FA538 /* DYLiveBroadcast.app */;
			productType = "com.apple.product-type.application";
		};
		35F66D6C28F46A9D008FA538 /* DYLiveBroadcastTests */ = {
			isa = PBXNativeTarget;
			buildConfigurationList = 35F66D8428F46A9D008FA538 /* Build configuration list for PBXNativeTarget "DYLiveBroadcastTests" */;
			buildPhases = (
				35F66D6928F46A9D008FA538 /* Sources */,
				35F66D6A28F46A9D008FA538 /* Frameworks */,
				35F66D6B28F46A9D008FA538 /* Resources */,
			);
			buildRules = (
			);
			dependencies = (
				35F66D6F28F46A9D008FA538 /* PBXTargetDependency */,
			);
			name = DYLiveBroadcastTests;
			productName = DYLiveBroadcastTests;
			productReference = 35F66D6D28F46A9D008FA538 /* DYLiveBroadcastTests.xctest */;
			productType = "com.apple.product-type.bundle.unit-test";
		};
		35F66D7628F46A9D008FA538 /* DYLiveBroadcastUITests */ = {
			isa = PBXNativeTarget;
			buildConfigurationList = 35F66D8728F46A9D008FA538 /* Build configuration list for PBXNativeTarget "DYLiveBroadcastUITests" */;
			buildPhases = (
				35F66D7328F46A9D008FA538 /* Sources */,
				35F66D7428F46A9D008FA538 /* Frameworks */,
				35F66D7528F46A9D008FA538 /* Resources */,
			);
			buildRules = (
			);
			dependencies = (
				35F66D7928F46A9D008FA538 /* PBXTargetDependency */,
			);
			name = DYLiveBroadcastUITests;
			productName = DYLiveBroadcastUITests;
			productReference = 35F66D7728F46A9D008FA538 /* DYLiveBroadcastUITests.xctest */;
			productType = "com.apple.product-type.bundle.ui-testing";
		};
/* End PBXNativeTarget section */

/* Begin PBXProject section */
		35F66D5528F46A9A008FA538 /* Project object */ = {
			isa = PBXProject;
			attributes = {
				BuildIndependentTargetsInParallel = 1;
				LastSwiftUpdateCheck = 1320;
				LastUpgradeCheck = 1320;
				TargetAttributes = {
					35F66D5C28F46A9A008FA538 = {
						CreatedOnToolsVersion = 13.2.1;
					};
					35F66D6C28F46A9D008FA538 = {
						CreatedOnToolsVersion = 13.2.1;
						TestTargetID = 35F66D5C28F46A9A008FA538;
					};
					35F66D7628F46A9D008FA538 = {
						CreatedOnToolsVersion = 13.2.1;
						TestTargetID = 35F66D5C28F46A9A008FA538;
					};
				};
			};
			buildConfigurationList = 35F66D5828F46A9A008FA538 /* Build configuration list for PBXProject "DYLiveBroadcast" */;
			compatibilityVersion = "Xcode 13.0";
			developmentRegion = en;
			hasScannedForEncodings = 0;
			knownRegions = (
				en,
				Base,
			);
			mainGroup = 35F66D5428F46A9A008FA538;
			productRefGroup = 35F66D5E28F46A9A008FA538 /* Products */;
			projectDirPath = "";
			projectRoot = "";
			targets = (
				35F66D5C28F46A9A008FA538 /* DYLiveBroadcast */,
				35F66D6C28F46A9D008FA538 /* DYLiveBroadcastTests */,
				35F66D7628F46A9D008FA538 /* DYLiveBroadcastUITests */,
			);
		};
/* End PBXProject section */

/* Begin PBXResourcesBuildPhase section */
		35F66D5B28F46A9A008FA538 /* Resources */ = {
			isa = PBXResourcesBuildPhase;
			buildActionMask = 2147483647;
			files = (
				35F66D6828F46A9D008FA538 /* Preview Assets.xcassets in Resources */,
				35F66D6528F46A9D008FA538 /* Assets.xcassets in Resources */,
			);
			runOnlyForDeploymentPostprocessing = 0;
		};
		35F66D6B28F46A9D008FA538 /* Resources */ = {
			isa = PBXResourcesBuildPhase;
			buildActionMask = 2147483647;
			files = (
			);
			runOnlyForDeploymentPostprocessing = 0;
		};
		35F66D7528F46A9D008FA538 /* Resources */ = {
			isa = PBXResourcesBuildPhase;
			buildActionMask = 2147483647;
			files = (
			);
			runOnlyForDeploymentPostprocessing = 0;
		};
/* End PBXResourcesBuildPhase section */

/* Begin PBXSourcesBuildPhase section */
		35F66D5928F46A9A008FA538 /* Sources */ = {
			isa = PBXSourcesBuildPhase;
			buildActionMask = 2147483647;
			files = (
				35F66D6328F46A9A008FA538 /* ContentView.swift in Sources */,
				35F66D6128F46A9A008FA538 /* DYLiveBroadcastApp.swift in Sources */,
			);
			runOnlyForDeploymentPostprocessing = 0;
		};
		35F66D6928F46A9D008FA538 /* Sources */ = {
			isa = PBXSourcesBuildPhase;
			buildActionMask = 2147483647;
			files = (
				35F66D7228F46A9D008FA538 /* DYLiveBroadcastTests.swift in Sources */,
			);
			runOnlyForDeploymentPostprocessing = 0;
		};
		35F66D7328F46A9D008FA538 /* Sources */ = {
			isa = PBXSourcesBuildPhase;
			buildActionMask = 2147483647;
			files = (
				35F66D7C28F46A9D008FA538 /* DYLiveBroadcastUITests.swift in Sources */,
				35F66D7E28F46A9D008FA538 /* DYLiveBroadcastUITestsLaunchTests.swift in Sources */,
			);
			runOnlyForDeploymentPostprocessing = 0;
		};
/* End PBXSourcesBuildPhase section */

/* Begin PBXTargetDependency section */
		35F66D6F28F46A9D008FA538 /* PBXTargetDependency */ = {
			isa = PBXTargetDependency;
			target = 35F66D5C28F46A9A008FA538 /* DYLiveBroadcast */;
			targetProxy = 35F66D6E28F46A9D008FA538 /* PBXContainerItemProxy */;
		};
		35F66D7928F46A9D008FA538 /* PBXTargetDependency */ = {
			isa = PBXTargetDependency;
			target = 35F66D5C28F46A9A008FA538 /* DYLiveBroadcast */;
			targetProxy = 35F66D7828F46A9D008FA538 /* PBXContainerItemProxy */;
		};
/* End PBXTargetDependency section */

/* Begin XCBuildConfiguration section */
		35F66D7F28F46A9D008FA538 /* Debug */ = {
			isa = XCBuildConfiguration;
			buildSettings = {
				ALWAYS_SEARCH_USER_PATHS = NO;
				CLANG_ANALYZER_NONNULL = YES;
				CLANG_ANALYZER_NUMBER_OBJECT_CONVERSION = YES_AGGRESSIVE;
				CLANG_CXX_LANGUAGE_STANDARD = "gnu++17";
				CLANG_CXX_LIBRARY = "libc++";
				CLANG_ENABLE_MODULES = YES;
				CLANG_ENABLE_OBJC_ARC = YES;
				CLANG_ENABLE_OBJC_WEAK = YES;
				CLANG_WARN_BLOCK_CAPTURE_AUTORELEASING = YES;
				CLANG_WARN_BOOL_CONVERSION = YES;
				CLANG_WARN_COMMA = YES;
				CLANG_WARN_CONSTANT_CONVERSION = YES;
				CLANG_WARN_DEPRECATED_OBJC_IMPLEMENTATIONS = YES;
				CLANG_WARN_DIRECT_OBJC_ISA_USAGE = YES_ERROR;
				CLANG_WARN_DOCUMENTATION_COMMENTS = YES;
				CLANG_WARN_EMPTY_BODY = YES;
				CLANG_WARN_ENUM_CONVERSION = YES;
				CLANG_WARN_INFINITE_RECURSION = YES;
				CLANG_WARN_INT_CONVERSION = YES;
				CLANG_WARN_NON_LITERAL_NULL_CONVERSION = YES;
				CLANG_WARN_OBJC_IMPLICIT_RETAIN_SELF = YES;
				CLANG_WARN_OBJC_LITERAL_CONVERSION = YES;
				CLANG_WARN_OBJC_ROOT_CLASS = YES_ERROR;
				CLANG_WARN_QUOTED_INCLUDE_IN_FRAMEWORK_HEADER = YES;
				CLANG_WARN_RANGE_LOOP_ANALYSIS = YES;
				CLANG_WARN_STRICT_PROTOTYPES = YES;
				CLANG_WARN_SUSPICIOUS_MOVE = YES;
				CLANG_WARN_UNGUARDED_AVAILABILITY = YES_AGGRESSIVE;
				CLANG_WARN_UNREACHABLE_CODE = YES;
				CLANG_WARN__DUPLICATE_METHOD_MATCH = YES;
				COPY_PHASE_STRIP = NO;
				DEBUG_INFORMATION_FORMAT = dwarf;
				ENABLE_STRICT_OBJC_MSGSEND = YES;
				ENABLE_TESTABILITY = YES;
				GCC_C_LANGUAGE_STANDARD = gnu11;
				GCC_DYNAMIC_NO_PIC = NO;
				GCC_NO_COMMON_BLOCKS = YES;
				GCC_OPTIMIZATION_LEVEL = 0;
				GCC_PREPROCESSOR_DEFINITIONS = (
					"DEBUG=1",
					"$(inherited)",
				);
				GCC_WARN_64_TO_32_BIT_CONVERSION = YES;
				GCC_WARN_ABOUT_RETURN_TYPE = YES_ERROR;
				GCC_WARN_UNDECLARED_SELECTOR = YES;
				GCC_WARN_UNINITIALIZED_AUTOS = YES_AGGRESSIVE;
				GCC_WARN_UNUSED_FUNCTION = YES;
				GCC_WARN_UNUSED_VARIABLE = YES;
				IPHONEOS_DEPLOYMENT_TARGET = 15.2;
				MTL_ENABLE_DEBUG_INFO = INCLUDE_SOURCE;
				MTL_FAST_MATH = YES;
				ONLY_ACTIVE_ARCH = YES;
				SDKROOT = iphoneos;
				SWIFT_ACTIVE_COMPILATION_CONDITIONS = DEBUG;
				SWIFT_OPTIMIZATION_LEVEL = "-Onone";
			};
			name = Debug;
		};
		35F66D8028F46A9D008FA538 /* Release */ = {
			isa = XCBuildConfiguration;
			buildSettings = {
				ALWAYS_SEARCH_USER_PATHS = NO;
				CLANG_ANALYZER_NONNULL = YES;
				CLANG_ANALYZER_NUMBER_OBJECT_CONVERSION = YES_AGGRESSIVE;
				CLANG_CXX_LANGUAGE_STANDARD = "gnu++17";
				CLANG_CXX_LIBRARY = "libc++";
				CLANG_ENABLE_MODULES = YES;
				CLANG_ENABLE_OBJC_ARC = YES;
				CLANG_ENABLE_OBJC_WEAK = YES;
				CLANG_WARN_BLOCK_CAPTURE_AUTORELEASING = YES;
				CLANG_WARN_BOOL_CONVERSION = YES;
				CLANG_WARN_COMMA = YES;
				CLANG_WARN_CONSTANT_CONVERSION = YES;
				CLANG_WARN_DEPRECATED_OBJC_IMPLEMENTATIONS = YES;
				CLANG_WARN_DIRECT_OBJC_ISA_USAGE = YES_ERROR;
				CLANG_WARN_DOCUMENTATION_COMMENTS = YES;
				CLANG_WARN_EMPTY_BODY = YES;
				CLANG_WARN_ENUM_CONVERSION = YES;
				CLANG_WARN_INFINITE_RECURSION = YES;
				CLANG_WARN_INT_CONVERSION = YES;
				CLANG_WARN_NON_LITERAL_NULL_CONVERSION = YES;
				CLANG_WARN_OBJC_IMPLICIT_RETAIN_SELF = YES;
				CLANG_WARN_OBJC_LITERAL_CONVERSION = YES;
				CLANG_WARN_OBJC_ROOT_CLASS = YES_ERROR;
				CLANG_WARN_QUOTED_INCLUDE_IN_FRAMEWORK_HEADER = YES;
				CLANG_WARN_RANGE_LOOP_ANALYSIS = YES;
				CLANG_WARN_STRICT_PROTOTYPES = YES;
				CLANG_WARN_SUSPICIOUS_MOVE = YES;
				CLANG_WARN_UNGUARDED_AVAILABILITY = YES_AGGRESSIVE;
				CLANG_WARN_UNREACHABLE_CODE = YES;
				CLANG_WARN__DUPLICATE_METHOD_MATCH = YES;
				COPY_PHASE_STRIP = NO;
				DEBUG_INFORMATION_FORMAT = "dwarf-with-dsym";
				ENABLE_NS_ASSERTIONS = NO;
				ENABLE_STRICT_OBJC_MSGSEND = YES;
				GCC_C_LANGUAGE_STANDARD = gnu11;
				GCC_NO_COMMON_BLOCKS = YES;
				GCC_WARN_64_TO_32_BIT_CONVERSION = YES;
				GCC_WARN_ABOUT_RETURN_TYPE = YES_ERROR;
				GCC_WARN_UNDECLARED_SELECTOR = YES;
				GCC_WARN_UNINITIALIZED_AUTOS = YES_AGGRESSIVE;
				GCC_WARN_UNUSED_FUNCTION = YES;
				GCC_WARN_UNUSED_VARIABLE = YES;
				IPHONEOS_DEPLOYMENT_TARGET = 15.2;
				MTL_ENABLE_DEBUG_INFO = NO;
				MTL_FAST_MATH = YES;
				SDKROOT = iphoneos;
				SWIFT_COMPILATION_MODE = wholemodule;
				SWIFT_OPTIMIZATION_LEVEL = "-O";
				VALIDATE_PRODUCT = YES;
			};
			name = Release;
		};
		35F66D8228F46A9D008FA538 /* Debug */ = {
			isa = XCBuildConfiguration;
			buildSettings = {
				ASSETCATALOG_COMPILER_APPICON_NAME = AppIcon;
				ASSETCATALOG_COMPILER_GLOBAL_ACCENT_COLOR_NAME = AccentColor;
				CODE_SIGN_STYLE = Automatic;
				CURRENT_PROJECT_VERSION = 1;
				DEVELOPMENT_ASSET_PATHS = "\"DYLiveBroadcast/Preview Content\"";
				ENABLE_PREVIEWS = YES;
				GENERATE_INFOPLIST_FILE = YES;
				INFOPLIST_KEY_UIApplicationSceneManifest_Generation = YES;
				INFOPLIST_KEY_UIApplicationSupportsIndirectInputEvents = YES;
				INFOPLIST_KEY_UILaunchScreen_Generation = YES;
				INFOPLIST_KEY_UISupportedInterfaceOrientations_iPad = "UIInterfaceOrientationPortrait UIInterfaceOrientationPortraitUpsideDown UIInterfaceOrientationLandscapeLeft UIInterfaceOrientationLandscapeRight";
				INFOPLIST_KEY_UISupportedInterfaceOrientations_iPhone = "UIInterfaceOrientationPortrait UIInterfaceOrientationLandscapeLeft UIInterfaceOrientationLandscapeRight";
				LD_RUNPATH_SEARCH_PATHS = (
					"$(inherited)",
					"@executable_path/Frameworks",
				);
				MARKETING_VERSION = 1.0;
				PRODUCT_BUNDLE_IDENTIFIER = c.kevin.net.DYLiveBroadcast;
				PRODUCT_NAME = "$(TARGET_NAME)";
				SWIFT_EMIT_LOC_STRINGS = YES;
				SWIFT_VERSION = 5.0;
				TARGETED_DEVICE_FAMILY = "1,2";
			};
			name = Debug;
		};
		35F66D8328F46A9D008FA538 /* Release */ = {
			isa = XCBuildConfiguration;
			buildSettings = {
				ASSETCATALOG_COMPILER_APPICON_NAME = AppIcon;
				ASSETCATALOG_COMPILER_GLOBAL_ACCENT_COLOR_NAME = AccentColor;
				CODE_SIGN_STYLE = Automatic;
				CURRENT_PROJECT_VERSION = 1;
				DEVELOPMENT_ASSET_PATHS = "\"DYLiveBroadcast/Preview Content\"";
				ENABLE_PREVIEWS = YES;
				GENERATE_INFOPLIST_FILE = YES;
				INFOPLIST_KEY_UIApplicationSceneManifest_Generation = YES;
				INFOPLIST_KEY_UIApplicationSupportsIndirectInputEvents = YES;
				INFOPLIST_KEY_UILaunchScreen_Generation = YES;
				INFOPLIST_KEY_UISupportedInterfaceOrientations_iPad = "UIInterfaceOrientationPortrait UIInterfaceOrientationPortraitUpsideDown UIInterfaceOrientationLandscapeLeft UIInterfaceOrientationLandscapeRight";
				INFOPLIST_KEY_UISupportedInterfaceOrientations_iPhone = "UIInterfaceOrientationPortrait UIInterfaceOrientationLandscapeLeft UIInterfaceOrientationLandscapeRight";
				LD_RUNPATH_SEARCH_PATHS = (
					"$(inherited)",
					"@executable_path/Frameworks",
				);
				MARKETING_VERSION = 1.0;
				PRODUCT_BUNDLE_IDENTIFIER = c.kevin.net.DYLiveBroadcast;
				PRODUCT_NAME = "$(TARGET_NAME)";
				SWIFT_EMIT_LOC_STRINGS = YES;
				SWIFT_VERSION = 5.0;
				TARGETED_DEVICE_FAMILY = "1,2";
			};
			name = Release;
		};
		35F66D8528F46A9D008FA538 /* Debug */ = {
			isa = XCBuildConfiguration;
			buildSettings = {
				ALWAYS_EMBED_SWIFT_STANDARD_LIBRARIES = YES;
				BUNDLE_LOADER = "$(TEST_HOST)";
				CODE_SIGN_STYLE = Automatic;
				CURRENT_PROJECT_VERSION = 1;
				GENERATE_INFOPLIST_FILE = YES;
				IPHONEOS_DEPLOYMENT_TARGET = 15.2;
				MARKETING_VERSION = 1.0;
				PRODUCT_BUNDLE_IDENTIFIER = c.kevin.net.DYLiveBroadcastTests;
				PRODUCT_NAME = "$(TARGET_NAME)";
				SWIFT_EMIT_LOC_STRINGS = NO;
				SWIFT_VERSION = 5.0;
				TARGETED_DEVICE_FAMILY = "1,2";
				TEST_HOST = "$(BUILT_PRODUCTS_DIR)/DYLiveBroadcast.app/DYLiveBroadcast";
			};
			name = Debug;
		};
		35F66D8628F46A9D008FA538 /* Release */ = {
			isa = XCBuildConfiguration;
			buildSettings = {
				ALWAYS_EMBED_SWIFT_STANDARD_LIBRARIES = YES;
				BUNDLE_LOADER = "$(TEST_HOST)";
				CODE_SIGN_STYLE = Automatic;
				CURRENT_PROJECT_VERSION = 1;
				GENERATE_INFOPLIST_FILE = YES;
				IPHONEOS_DEPLOYMENT_TARGET = 15.2;
				MARKETING_VERSION = 1.0;
				PRODUCT_BUNDLE_IDENTIFIER = c.kevin.net.DYLiveBroadcastTests;
				PRODUCT_NAME = "$(TARGET_NAME)";
				SWIFT_EMIT_LOC_STRINGS = NO;
				SWIFT_VERSION = 5.0;
				TARGETED_DEVICE_FAMILY = "1,2";
				TEST_HOST = "$(BUILT_PRODUCTS_DIR)/DYLiveBroadcast.app/DYLiveBroadcast";
			};
			name = Release;
		};
		35F66D8828F46A9D008FA538 /* Debug */ = {
			isa = XCBuildConfiguration;
			buildSettings = {
				ALWAYS_EMBED_SWIFT_STANDARD_LIBRARIES = YES;
				CODE_SIGN_STYLE = Automatic;
				CURRENT_PROJECT_VERSION = 1;
				GENERATE_INFOPLIST_FILE = YES;
				MARKETING_VERSION = 1.0;
				PRODUCT_BUNDLE_IDENTIFIER = c.kevin.net.DYLiveBroadcastUITests;
				PRODUCT_NAME = "$(TARGET_NAME)";
				SWIFT_EMIT_LOC_STRINGS = NO;
				SWIFT_VERSION = 5.0;
				TARGETED_DEVICE_FAMILY = "1,2";
				TEST_TARGET_NAME = DYLiveBroadcast;
			};
			name = Debug;
		};
		35F66D8928F46A9D008FA538 /* Release */ = {
			isa = XCBuildConfiguration;
			buildSettings = {
				ALWAYS_EMBED_SWIFT_STANDARD_LIBRARIES = YES;
				CODE_SIGN_STYLE = Automatic;
				CURRENT_PROJECT_VERSION = 1;
				GENERATE_INFOPLIST_FILE = YES;
				MARKETING_VERSION = 1.0;
				PRODUCT_BUNDLE_IDENTIFIER = c.kevin.net.DYLiveBroadcastUITests;
				PRODUCT_NAME = "$(TARGET_NAME)";
				SWIFT_EMIT_LOC_STRINGS = NO;
				SWIFT_VERSION = 5.0;
				TARGETED_DEVICE_FAMILY = "1,2";
				TEST_TARGET_NAME = DYLiveBroadcast;
			};
			name = Release;
		};
/* End XCBuildConfiguration section */

/* Begin XCConfigurationList section */
		35F66D5828F46A9A008FA538 /* Build configuration list for PBXProject "DYLiveBroadcast" */ = {
			isa = XCConfigurationList;
			buildConfigurations = (
				35F66D7F28F46A9D008FA538 /* Debug */,
				35F66D8028F46A9D008FA538 /* Release */,
			);
			defaultConfigurationIsVisible = 0;
			defaultConfigurationName = Release;
		};
		35F66D8128F46A9D008FA538 /* Build configuration list for PBXNativeTarget "DYLiveBroadcast" */ = {
			isa = XCConfigurationList;
			buildConfigurations = (
				35F66D8228F46A9D008FA538 /* Debug */,
				35F66D8328F46A9D008FA538 /* Release */,
			);
			defaultConfigurationIsVisible = 0;
			defaultConfigurationName = Release;
		};
		35F66D8428F46A9D008FA538 /* Build configuration list for PBXNativeTarget "DYLiveBroadcastTests" */ = {
			isa = XCConfigurationList;
			buildConfigurations = (
				35F66D8528F46A9D008FA538 /* Debug */,
				35F66D8628F46A9D008FA538 /* Release */,
			);
			defaultConfigurationIsVisible = 0;
			defaultConfigurationName = Release;
		};
		35F66D8728F46A9D008FA538 /* Build configuration list for PBXNativeTarget "DYLiveBroadcastUITests" */ = {
			isa = XCConfigurationList;
			buildConfigurations = (
				35F66D8828F46A9D008FA538 /* Debug */,
				35F66D8928F46A9D008FA538 /* Release */,
			);
			defaultConfigurationIsVisible = 0;
			defaultConfigurationName = Release;
		};
/* End XCConfigurationList section */
	};
	rootObject = 35F66D5528F46A9A008FA538 /* Project object */;
}
