// !$*UTF8*$!
{
	archiveVersion = 1;
	classes = {
	};
	objectVersion = 55;
	objects = {

/* Begin PBXBuildFile section */
		35C1399328F85B220046696E /* AppDelegate.swift in Sources */ = {isa = PBXBuildFile; fileRef = 35C1399228F85B220046696E /* AppDelegate.swift */; };
		35C1399528F85B220046696E /* SceneDelegate.swift in Sources */ = {isa = PBXBuildFile; fileRef = 35C1399428F85B220046696E /* SceneDelegate.swift */; };
		35C1399728F85B220046696E /* ViewController.swift in Sources */ = {isa = PBXBuildFile; fileRef = 35C1399628F85B220046696E /* ViewController.swift */; };
		35C1399A28F85B220046696E /* Main.storyboard in Resources */ = {isa = PBXBuildFile; fileRef = 35C1399828F85B220046696E /* Main.storyboard */; };
		35C1399C28F85B240046696E /* Assets.xcassets in Resources */ = {isa = PBXBuildFile; fileRef = 35C1399B28F85B240046696E /* Assets.xcassets */; };
		35C1399F28F85B250046696E /* LaunchScreen.storyboard in Resources */ = {isa = PBXBuildFile; fileRef = 35C1399D28F85B250046696E /* LaunchScreen.storyboard */; };
		35C139AA28F85B250046696E /* DYLiveBroadcastTests.swift in Sources */ = {isa = PBXBuildFile; fileRef = 35C139A928F85B250046696E /* DYLiveBroadcastTests.swift */; };
		35C139B428F85B250046696E /* DYLiveBroadcastUITests.swift in Sources */ = {isa = PBXBuildFile; fileRef = 35C139B328F85B250046696E /* DYLiveBroadcastUITests.swift */; };
		35C139B628F85B250046696E /* DYLiveBroadcastUITestsLaunchTests.swift in Sources */ = {isa = PBXBuildFile; fileRef = 35C139B528F85B250046696E /* DYLiveBroadcastUITestsLaunchTests.swift */; };
/* End PBXBuildFile section */

/* Begin PBXContainerItemProxy section */
		35C139A628F85B250046696E /* PBXContainerItemProxy */ = {
			isa = PBXContainerItemProxy;
			containerPortal = 35C1398728F85B220046696E /* Project object */;
			proxyType = 1;
			remoteGlobalIDString = 35C1398E28F85B220046696E;
			remoteInfo = DYLiveBroadcast;
		};
		35C139B028F85B250046696E /* PBXContainerItemProxy */ = {
			isa = PBXContainerItemProxy;
			containerPortal = 35C1398728F85B220046696E /* Project object */;
			proxyType = 1;
			remoteGlobalIDString = 35C1398E28F85B220046696E;
			remoteInfo = DYLiveBroadcast;
		};
/* End PBXContainerItemProxy section */

/* Begin PBXFileReference section */
		35C1398F28F85B220046696E /* DYLiveBroadcast.app */ = {isa = PBXFileReference; explicitFileType = wrapper.application; includeInIndex = 0; path = DYLiveBroadcast.app; sourceTree = BUILT_PRODUCTS_DIR; };
		35C1399228F85B220046696E /* AppDelegate.swift */ = {isa = PBXFileReference; lastKnownFileType = sourcecode.swift; path = AppDelegate.swift; sourceTree = "<group>"; };
		35C1399428F85B220046696E /* SceneDelegate.swift */ = {isa = PBXFileReference; lastKnownFileType = sourcecode.swift; path = SceneDelegate.swift; sourceTree = "<group>"; };
		35C1399628F85B220046696E /* ViewController.swift */ = {isa = PBXFileReference; lastKnownFileType = sourcecode.swift; path = ViewController.swift; sourceTree = "<group>"; };
		35C1399928F85B220046696E /* Base */ = {isa = PBXFileReference; lastKnownFileType = file.storyboard; name = Base; path = Base.lproj/Main.storyboard; sourceTree = "<group>"; };
		35C1399B28F85B240046696E /* Assets.xcassets */ = {isa = PBXFileReference; lastKnownFileType = folder.assetcatalog; path = Assets.xcassets; sourceTree = "<group>"; };
		35C1399E28F85B250046696E /* Base */ = {isa = PBXFileReference; lastKnownFileType = file.storyboard; name = Base; path = Base.lproj/LaunchScreen.storyboard; sourceTree = "<group>"; };
		35C139A028F85B250046696E /* Info.plist */ = {isa = PBXFileReference; lastKnownFileType = text.plist.xml; path = Info.plist; sourceTree = "<group>"; };
		35C139A528F85B250046696E /* DYLiveBroadcastTests.xctest */ = {isa = PBXFileReference; explicitFileType = wrapper.cfbundle; includeInIndex = 0; path = DYLiveBroadcastTests.xctest; sourceTree = BUILT_PRODUCTS_DIR; };
		35C139A928F85B250046696E /* DYLiveBroadcastTests.swift */ = {isa = PBXFileReference; lastKnownFileType = sourcecode.swift; path = DYLiveBroadcastTests.swift; sourceTree = "<group>"; };
		35C139AF28F85B250046696E /* DYLiveBroadcastUITests.xctest */ = {isa = PBXFileReference; explicitFileType = wrapper.cfbundle; includeInIndex = 0; path = DYLiveBroadcastUITests.xctest; sourceTree = BUILT_PRODUCTS_DIR; };
		35C139B328F85B250046696E /* DYLiveBroadcastUITests.swift */ = {isa = PBXFileReference; lastKnownFileType = sourcecode.swift; path = DYLiveBroadcastUITests.swift; sourceTree = "<group>"; };
		35C139B528F85B250046696E /* DYLiveBroadcastUITestsLaunchTests.swift */ = {isa = PBXFileReference; lastKnownFileType = sourcecode.swift; path = DYLiveBroadcastUITestsLaunchTests.swift; sourceTree = "<group>"; };
/* End PBXFileReference section */

/* Begin PBXFrameworksBuildPhase section */
		35C1398C28F85B220046696E /* Frameworks */ = {
			isa = PBXFrameworksBuildPhase;
			buildActionMask = 2147483647;
			files = (
			);
			runOnlyForDeploymentPostprocessing = 0;
		};
		35C139A228F85B250046696E /* Frameworks */ = {
			isa = PBXFrameworksBuildPhase;
			buildActionMask = 2147483647;
			files = (
			);
			runOnlyForDeploymentPostprocessing = 0;
		};
		35C139AC28F85B250046696E /* Frameworks */ = {
			isa = PBXFrameworksBuildPhase;
			buildActionMask = 2147483647;
			files = (
			);
			runOnlyForDeploymentPostprocessing = 0;
		};
/* End PBXFrameworksBuildPhase section */

/* Begin PBXGroup section */
		35C1398628F85B220046696E = {
			isa = PBXGroup;
			children = (
				35C1399128F85B220046696E /* DYLiveBroadcast */,
				35C139A828F85B250046696E /* DYLiveBroadcastTests */,
				35C139B228F85B250046696E /* DYLiveBroadcastUITests */,
				35C1399028F85B220046696E /* Products */,
			);
			sourceTree = "<group>";
		};
		35C1399028F85B220046696E /* Products */ = {
			isa = PBXGroup;
			children = (
				35C1398F28F85B220046696E /* DYLiveBroadcast.app */,
				35C139A528F85B250046696E /* DYLiveBroadcastTests.xctest */,
				35C139AF28F85B250046696E /* DYLiveBroadcastUITests.xctest */,
			);
			name = Products;
			sourceTree = "<group>";
		};
		35C1399128F85B220046696E /* DYLiveBroadcast */ = {
			isa = PBXGroup;
			children = (
				35C1399228F85B220046696E /* AppDelegate.swift */,
				35C1399428F85B220046696E /* SceneDelegate.swift */,
				35C1399628F85B220046696E /* ViewController.swift */,
				35C1399828F85B220046696E /* Main.storyboard */,
				35C1399B28F85B240046696E /* Assets.xcassets */,
				35C1399D28F85B250046696E /* LaunchScreen.storyboard */,
				35C139A028F85B250046696E /* Info.plist */,
			);
			path = DYLiveBroadcast;
			sourceTree = "<group>";
		};
		35C139A828F85B250046696E /* DYLiveBroadcastTests */ = {
			isa = PBXGroup;
			children = (
				35C139A928F85B250046696E /* DYLiveBroadcastTests.swift */,
			);
			path = DYLiveBroadcastTests;
			sourceTree = "<group>";
		};
		35C139B228F85B250046696E /* DYLiveBroadcastUITests */ = {
			isa = PBXGroup;
			children = (
				35C139B328F85B250046696E /* DYLiveBroadcastUITests.swift */,
				35C139B528F85B250046696E /* DYLiveBroadcastUITestsLaunchTests.swift */,
			);
			path = DYLiveBroadcastUITests;
			sourceTree = "<group>";
		};
/* End PBXGroup section */

/* Begin PBXNativeTarget section */
		35C1398E28F85B220046696E /* DYLiveBroadcast */ = {
			isa = PBXNativeTarget;
			buildConfigurationList = 35C139B928F85B250046696E /* Build configuration list for PBXNativeTarget "DYLiveBroadcast" */;
			buildPhases = (
				35C1398B28F85B220046696E /* Sources */,
				35C1398C28F85B220046696E /* Frameworks */,
				35C1398D28F85B220046696E /* Resources */,
			);
			buildRules = (
			);
			dependencies = (
			);
			name = DYLiveBroadcast;
			productName = DYLiveBroadcast;
			productReference = 35C1398F28F85B220046696E /* DYLiveBroadcast.app */;
			productType = "com.apple.product-type.application";
		};
		35C139A428F85B250046696E /* DYLiveBroadcastTests */ = {
			isa = PBXNativeTarget;
			buildConfigurationList = 35C139BC28F85B250046696E /* Build configuration list for PBXNativeTarget "DYLiveBroadcastTests" */;
			buildPhases = (
				35C139A128F85B250046696E /* Sources */,
				35C139A228F85B250046696E /* Frameworks */,
				35C139A328F85B250046696E /* Resources */,
			);
			buildRules = (
			);
			dependencies = (
				35C139A728F85B250046696E /* PBXTargetDependency */,
			);
			name = DYLiveBroadcastTests;
			productName = DYLiveBroadcastTests;
			productReference = 35C139A528F85B250046696E /* DYLiveBroadcastTests.xctest */;
			productType = "com.apple.product-type.bundle.unit-test";
		};
		35C139AE28F85B250046696E /* DYLiveBroadcastUITests */ = {
			isa = PBXNativeTarget;
			buildConfigurationList = 35C139BF28F85B250046696E /* Build configuration list for PBXNativeTarget "DYLiveBroadcastUITests" */;
			buildPhases = (
				35C139AB28F85B250046696E /* Sources */,
				35C139AC28F85B250046696E /* Frameworks */,
				35C139AD28F85B250046696E /* Resources */,
			);
			buildRules = (
			);
			dependencies = (
				35C139B128F85B250046696E /* PBXTargetDependency */,
			);
			name = DYLiveBroadcastUITests;
			productName = DYLiveBroadcastUITests;
			productReference = 35C139AF28F85B250046696E /* DYLiveBroadcastUITests.xctest */;
			productType = "com.apple.product-type.bundle.ui-testing";
		};
/* End PBXNativeTarget section */

/* Begin PBXProject section */
		35C1398728F85B220046696E /* Project object */ = {
			isa = PBXProject;
			attributes = {
				BuildIndependentTargetsInParallel = 1;
				LastSwiftUpdateCheck = 1320;
				LastUpgradeCheck = 1320;
				TargetAttributes = {
					35C1398E28F85B220046696E = {
						CreatedOnToolsVersion = 13.2.1;
					};
					35C139A428F85B250046696E = {
						CreatedOnToolsVersion = 13.2.1;
						TestTargetID = 35C1398E28F85B220046696E;
					};
					35C139AE28F85B250046696E = {
						CreatedOnToolsVersion = 13.2.1;
						TestTargetID = 35C1398E28F85B220046696E;
					};
				};
			};
			buildConfigurationList = 35C1398A28F85B220046696E /* Build configuration list for PBXProject "DYLiveBroadcast" */;
			compatibilityVersion = "Xcode 13.0";
			developmentRegion = en;
			hasScannedForEncodings = 0;
			knownRegions = (
				en,
				Base,
			);
			mainGroup = 35C1398628F85B220046696E;
			productRefGroup = 35C1399028F85B220046696E /* Products */;
			projectDirPath = "";
			projectRoot = "";
			targets = (
				35C1398E28F85B220046696E /* DYLiveBroadcast */,
				35C139A428F85B250046696E /* DYLiveBroadcastTests */,
				35C139AE28F85B250046696E /* DYLiveBroadcastUITests */,
			);
		};
/* End PBXProject section */

/* Begin PBXResourcesBuildPhase section */
		35C1398D28F85B220046696E /* Resources */ = {
			isa = PBXResourcesBuildPhase;
			buildActionMask = 2147483647;
			files = (
				35C1399F28F85B250046696E /* LaunchScreen.storyboard in Resources */,
				35C1399C28F85B240046696E /* Assets.xcassets in Resources */,
				35C1399A28F85B220046696E /* Main.storyboard in Resources */,
			);
			runOnlyForDeploymentPostprocessing = 0;
		};
		35C139A328F85B250046696E /* Resources */ = {
			isa = PBXResourcesBuildPhase;
			buildActionMask = 2147483647;
			files = (
			);
			runOnlyForDeploymentPostprocessing = 0;
		};
		35C139AD28F85B250046696E /* Resources */ = {
			isa = PBXResourcesBuildPhase;
			buildActionMask = 2147483647;
			files = (
			);
			runOnlyForDeploymentPostprocessing = 0;
		};
/* End PBXResourcesBuildPhase section */

/* Begin PBXSourcesBuildPhase section */
		35C1398B28F85B220046696E /* Sources */ = {
			isa = PBXSourcesBuildPhase;
			buildActionMask = 2147483647;
			files = (
				35C1399728F85B220046696E /* ViewController.swift in Sources */,
				35C1399328F85B220046696E /* AppDelegate.swift in Sources */,
				35C1399528F85B220046696E /* SceneDelegate.swift in Sources */,
			);
			runOnlyForDeploymentPostprocessing = 0;
		};
		35C139A128F85B250046696E /* Sources */ = {
			isa = PBXSourcesBuildPhase;
			buildActionMask = 2147483647;
			files = (
				35C139AA28F85B250046696E /* DYLiveBroadcastTests.swift in Sources */,
			);
			runOnlyForDeploymentPostprocessing = 0;
		};
		35C139AB28F85B250046696E /* Sources */ = {
			isa = PBXSourcesBuildPhase;
			buildActionMask = 2147483647;
			files = (
				35C139B428F85B250046696E /* DYLiveBroadcastUITests.swift in Sources */,
				35C139B628F85B250046696E /* DYLiveBroadcastUITestsLaunchTests.swift in Sources */,
			);
			runOnlyForDeploymentPostprocessing = 0;
		};
/* End PBXSourcesBuildPhase section */

/* Begin PBXTargetDependency section */
		35C139A728F85B250046696E /* PBXTargetDependency */ = {
			isa = PBXTargetDependency;
			target = 35C1398E28F85B220046696E /* DYLiveBroadcast */;
			targetProxy = 35C139A628F85B250046696E /* PBXContainerItemProxy */;
		};
		35C139B128F85B250046696E /* PBXTargetDependency */ = {
			isa = PBXTargetDependency;
			target = 35C1398E28F85B220046696E /* DYLiveBroadcast */;
			targetProxy = 35C139B028F85B250046696E /* PBXContainerItemProxy */;
		};
/* End PBXTargetDependency section */

/* Begin PBXVariantGroup section */
		35C1399828F85B220046696E /* Main.storyboard */ = {
			isa = PBXVariantGroup;
			children = (
				35C1399928F85B220046696E /* Base */,
			);
			name = Main.storyboard;
			sourceTree = "<group>";
		};
		35C1399D28F85B250046696E /* LaunchScreen.storyboard */ = {
			isa = PBXVariantGroup;
			children = (
				35C1399E28F85B250046696E /* Base */,
			);
			name = LaunchScreen.storyboard;
			sourceTree = "<group>";
		};
/* End PBXVariantGroup section */

/* Begin XCBuildConfiguration section */
		35C139B728F85B250046696E /* Debug */ = {
			isa = XCBuildConfiguration;
			buildSettings = {
				ALWAYS_SEARCH_USER_PATHS = NO;
				CLANG_ANALYZER_NONNULL = YES;
				CLANG_ANALYZER_NUMBER_OBJECT_CONVERSION = YES_AGGRESSIVE;
				CLANG_CXX_LANGUAGE_STANDARD = "gnu++17";
				CLANG_CXX_LIBRARY = "libc++";
				CLANG_ENABLE_MODULES = YES;
				CLANG_ENABLE_OBJC_ARC = YES;
				CLANG_ENABLE_OBJC_WEAK = YES;
				CLANG_WARN_BLOCK_CAPTURE_AUTORELEASING = YES;
				CLANG_WARN_BOOL_CONVERSION = YES;
				CLANG_WARN_COMMA = YES;
				CLANG_WARN_CONSTANT_CONVERSION = YES;
				CLANG_WARN_DEPRECATED_OBJC_IMPLEMENTATIONS = YES;
				CLANG_WARN_DIRECT_OBJC_ISA_USAGE = YES_ERROR;
				CLANG_WARN_DOCUMENTATION_COMMENTS = YES;
				CLANG_WARN_EMPTY_BODY = YES;
				CLANG_WARN_ENUM_CONVERSION = YES;
				CLANG_WARN_INFINITE_RECURSION = YES;
				CLANG_WARN_INT_CONVERSION = YES;
				CLANG_WARN_NON_LITERAL_NULL_CONVERSION = YES;
				CLANG_WARN_OBJC_IMPLICIT_RETAIN_SELF = YES;
				CLANG_WARN_OBJC_LITERAL_CONVERSION = YES;
				CLANG_WARN_OBJC_ROOT_CLASS = YES_ERROR;
				CLANG_WARN_QUOTED_INCLUDE_IN_FRAMEWORK_HEADER = YES;
				CLANG_WARN_RANGE_LOOP_ANALYSIS = YES;
				CLANG_WARN_STRICT_PROTOTYPES = YES;
				CLANG_WARN_SUSPICIOUS_MOVE = YES;
				CLANG_WARN_UNGUARDED_AVAILABILITY = YES_AGGRESSIVE;
				CLANG_WARN_UNREACHABLE_CODE = YES;
				CLANG_WARN__DUPLICATE_METHOD_MATCH = YES;
				COPY_PHASE_STRIP = NO;
				DEBUG_INFORMATION_FORMAT = dwarf;
				ENABLE_STRICT_OBJC_MSGSEND = YES;
				ENABLE_TESTABILITY = YES;
				GCC_C_LANGUAGE_STANDARD = gnu11;
				GCC_DYNAMIC_NO_PIC = NO;
				GCC_NO_COMMON_BLOCKS = YES;
				GCC_OPTIMIZATION_LEVEL = 0;
				GCC_PREPROCESSOR_DEFINITIONS = (
					"DEBUG=1",
					"$(inherited)",
				);
				GCC_WARN_64_TO_32_BIT_CONVERSION = YES;
				GCC_WARN_ABOUT_RETURN_TYPE = YES_ERROR;
				GCC_WARN_UNDECLARED_SELECTOR = YES;
				GCC_WARN_UNINITIALIZED_AUTOS = YES_AGGRESSIVE;
				GCC_WARN_UNUSED_FUNCTION = YES;
				GCC_WARN_UNUSED_VARIABLE = YES;
				IPHONEOS_DEPLOYMENT_TARGET = 15.2;
				MTL_ENABLE_DEBUG_INFO = INCLUDE_SOURCE;
				MTL_FAST_MATH = YES;
				ONLY_ACTIVE_ARCH = YES;
				SDKROOT = iphoneos;
				SWIFT_ACTIVE_COMPILATION_CONDITIONS = DEBUG;
				SWIFT_OPTIMIZATION_LEVEL = "-Onone";
			};
			name = Debug;
		};
		35C139B828F85B250046696E /* Release */ = {
			isa = XCBuildConfiguration;
			buildSettings = {
				ALWAYS_SEARCH_USER_PATHS = NO;
				CLANG_ANALYZER_NONNULL = YES;
				CLANG_ANALYZER_NUMBER_OBJECT_CONVERSION = YES_AGGRESSIVE;
				CLANG_CXX_LANGUAGE_STANDARD = "gnu++17";
				CLANG_CXX_LIBRARY = "libc++";
				CLANG_ENABLE_MODULES = YES;
				CLANG_ENABLE_OBJC_ARC = YES;
				CLANG_ENABLE_OBJC_WEAK = YES;
				CLANG_WARN_BLOCK_CAPTURE_AUTORELEASING = YES;
				CLANG_WARN_BOOL_CONVERSION = YES;
				CLANG_WARN_COMMA = YES;
				CLANG_WARN_CONSTANT_CONVERSION = YES;
				CLANG_WARN_DEPRECATED_OBJC_IMPLEMENTATIONS = YES;
				CLANG_WARN_DIRECT_OBJC_ISA_USAGE = YES_ERROR;
				CLANG_WARN_DOCUMENTATION_COMMENTS = YES;
				CLANG_WARN_EMPTY_BODY = YES;
				CLANG_WARN_ENUM_CONVERSION = YES;
				CLANG_WARN_INFINITE_RECURSION = YES;
				CLANG_WARN_INT_CONVERSION = YES;
				CLANG_WARN_NON_LITERAL_NULL_CONVERSION = YES;
				CLANG_WARN_OBJC_IMPLICIT_RETAIN_SELF = YES;
				CLANG_WARN_OBJC_LITERAL_CONVERSION = YES;
				CLANG_WARN_OBJC_ROOT_CLASS = YES_ERROR;
				CLANG_WARN_QUOTED_INCLUDE_IN_FRAMEWORK_HEADER = YES;
				CLANG_WARN_RANGE_LOOP_ANALYSIS = YES;
				CLANG_WARN_STRICT_PROTOTYPES = YES;
				CLANG_WARN_SUSPICIOUS_MOVE = YES;
				CLANG_WARN_UNGUARDED_AVAILABILITY = YES_AGGRESSIVE;
				CLANG_WARN_UNREACHABLE_CODE = YES;
				CLANG_WARN__DUPLICATE_METHOD_MATCH = YES;
				COPY_PHASE_STRIP = NO;
				DEBUG_INFORMATION_FORMAT = "dwarf-with-dsym";
				ENABLE_NS_ASSERTIONS = NO;
				ENABLE_STRICT_OBJC_MSGSEND = YES;
				GCC_C_LANGUAGE_STANDARD = gnu11;
				GCC_NO_COMMON_BLOCKS = YES;
				GCC_WARN_64_TO_32_BIT_CONVERSION = YES;
				GCC_WARN_ABOUT_RETURN_TYPE = YES_ERROR;
				GCC_WARN_UNDECLARED_SELECTOR = YES;
				GCC_WARN_UNINITIALIZED_AUTOS = YES_AGGRESSIVE;
				GCC_WARN_UNUSED_FUNCTION = YES;
				GCC_WARN_UNUSED_VARIABLE = YES;
				IPHONEOS_DEPLOYMENT_TARGET = 15.2;
				MTL_ENABLE_DEBUG_INFO = NO;
				MTL_FAST_MATH = YES;
				SDKROOT = iphoneos;
				SWIFT_COMPILATION_MODE = wholemodule;
				SWIFT_OPTIMIZATION_LEVEL = "-O";
				VALIDATE_PRODUCT = YES;
			};
			name = Release;
		};
		35C139BA28F85B250046696E /* Debug */ = {
			isa = XCBuildConfiguration;
			buildSettings = {
				ASSETCATALOG_COMPILER_APPICON_NAME = AppIcon;
				ASSETCATALOG_COMPILER_GLOBAL_ACCENT_COLOR_NAME = AccentColor;
				CODE_SIGN_STYLE = Automatic;
				CURRENT_PROJECT_VERSION = 1;
				GENERATE_INFOPLIST_FILE = YES;
				INFOPLIST_FILE = DYLiveBroadcast/Info.plist;
				INFOPLIST_KEY_UIApplicationSupportsIndirectInputEvents = YES;
				INFOPLIST_KEY_UILaunchStoryboardName = LaunchScreen;
				INFOPLIST_KEY_UIMainStoryboardFile = Main;
				INFOPLIST_KEY_UISupportedInterfaceOrientations = UIInterfaceOrientationPortrait;
				INFOPLIST_KEY_UISupportedInterfaceOrientations_iPad = "UIInterfaceOrientationPortrait UIInterfaceOrientationPortraitUpsideDown UIInterfaceOrientationLandscapeLeft UIInterfaceOrientationLandscapeRight";
				INFOPLIST_KEY_UISupportedInterfaceOrientations_iPhone = "UIInterfaceOrientationPortrait UIInterfaceOrientationLandscapeLeft UIInterfaceOrientationLandscapeRight";
				LD_RUNPATH_SEARCH_PATHS = (
					"$(inherited)",
					"@executable_path/Frameworks",
				);
				MARKETING_VERSION = 1.0;
				PRODUCT_BUNDLE_IDENTIFIER = c.kevin.net.DYLiveBroadcast;
				PRODUCT_NAME = "$(TARGET_NAME)";
				SWIFT_EMIT_LOC_STRINGS = YES;
				SWIFT_VERSION = 5.0;
				TARGETED_DEVICE_FAMILY = 1;
			};
			name = Debug;
		};
		35C139BB28F85B250046696E /* Release */ = {
			isa = XCBuildConfiguration;
			buildSettings = {
				ASSETCATALOG_COMPILER_APPICON_NAME = AppIcon;
				ASSETCATALOG_COMPILER_GLOBAL_ACCENT_COLOR_NAME = AccentColor;
				CODE_SIGN_STYLE = Automatic;
				CURRENT_PROJECT_VERSION = 1;
				GENERATE_INFOPLIST_FILE = YES;
				INFOPLIST_FILE = DYLiveBroadcast/Info.plist;
				INFOPLIST_KEY_UIApplicationSupportsIndirectInputEvents = YES;
				INFOPLIST_KEY_UILaunchStoryboardName = LaunchScreen;
				INFOPLIST_KEY_UIMainStoryboardFile = Main;
				INFOPLIST_KEY_UISupportedInterfaceOrientations = UIInterfaceOrientationPortrait;
				INFOPLIST_KEY_UISupportedInterfaceOrientations_iPad = "UIInterfaceOrientationPortrait UIInterfaceOrientationPortraitUpsideDown UIInterfaceOrientationLandscapeLeft UIInterfaceOrientationLandscapeRight";
				INFOPLIST_KEY_UISupportedInterfaceOrientations_iPhone = "UIInterfaceOrientationPortrait UIInterfaceOrientationLandscapeLeft UIInterfaceOrientationLandscapeRight";
				LD_RUNPATH_SEARCH_PATHS = (
					"$(inherited)",
					"@executable_path/Frameworks",
				);
				MARKETING_VERSION = 1.0;
				PRODUCT_BUNDLE_IDENTIFIER = c.kevin.net.DYLiveBroadcast;
				PRODUCT_NAME = "$(TARGET_NAME)";
				SWIFT_EMIT_LOC_STRINGS = YES;
				SWIFT_VERSION = 5.0;
				TARGETED_DEVICE_FAMILY = 1;
			};
			name = Release;
		};
		35C139BD28F85B250046696E /* Debug */ = {
			isa = XCBuildConfiguration;
			buildSettings = {
				ALWAYS_EMBED_SWIFT_STANDARD_LIBRARIES = YES;
				BUNDLE_LOADER = "$(TEST_HOST)";
				CODE_SIGN_STYLE = Automatic;
				CURRENT_PROJECT_VERSION = 1;
				GENERATE_INFOPLIST_FILE = YES;
				IPHONEOS_DEPLOYMENT_TARGET = 15.2;
				MARKETING_VERSION = 1.0;
				PRODUCT_BUNDLE_IDENTIFIER = c.kevin.net.DYLiveBroadcastTests;
				PRODUCT_NAME = "$(TARGET_NAME)";
				SWIFT_EMIT_LOC_STRINGS = NO;
				SWIFT_VERSION = 5.0;
				TARGETED_DEVICE_FAMILY = "1,2";
				TEST_HOST = "$(BUILT_PRODUCTS_DIR)/DYLiveBroadcast.app/DYLiveBroadcast";
			};
			name = Debug;
		};
		35C139BE28F85B250046696E /* Release */ = {
			isa = XCBuildConfiguration;
			buildSettings = {
				ALWAYS_EMBED_SWIFT_STANDARD_LIBRARIES = YES;
				BUNDLE_LOADER = "$(TEST_HOST)";
				CODE_SIGN_STYLE = Automatic;
				CURRENT_PROJECT_VERSION = 1;
				GENERATE_INFOPLIST_FILE = YES;
				IPHONEOS_DEPLOYMENT_TARGET = 15.2;
				MARKETING_VERSION = 1.0;
				PRODUCT_BUNDLE_IDENTIFIER = c.kevin.net.DYLiveBroadcastTests;
				PRODUCT_NAME = "$(TARGET_NAME)";
				SWIFT_EMIT_LOC_STRINGS = NO;
				SWIFT_VERSION = 5.0;
				TARGETED_DEVICE_FAMILY = "1,2";
				TEST_HOST = "$(BUILT_PRODUCTS_DIR)/DYLiveBroadcast.app/DYLiveBroadcast";
			};
			name = Release;
		};
		35C139C028F85B250046696E /* Debug */ = {
			isa = XCBuildConfiguration;
			buildSettings = {
				ALWAYS_EMBED_SWIFT_STANDARD_LIBRARIES = YES;
				CODE_SIGN_STYLE = Automatic;
				CURRENT_PROJECT_VERSION = 1;
				GENERATE_INFOPLIST_FILE = YES;
				MARKETING_VERSION = 1.0;
				PRODUCT_BUNDLE_IDENTIFIER = c.kevin.net.DYLiveBroadcastUITests;
				PRODUCT_NAME = "$(TARGET_NAME)";
				SWIFT_EMIT_LOC_STRINGS = NO;
				SWIFT_VERSION = 5.0;
				TARGETED_DEVICE_FAMILY = "1,2";
				TEST_TARGET_NAME = DYLiveBroadcast;
			};
			name = Debug;
		};
		35C139C128F85B250046696E /* Release */ = {
			isa = XCBuildConfiguration;
			buildSettings = {
				ALWAYS_EMBED_SWIFT_STANDARD_LIBRARIES = YES;
				CODE_SIGN_STYLE = Automatic;
				CURRENT_PROJECT_VERSION = 1;
				GENERATE_INFOPLIST_FILE = YES;
				MARKETING_VERSION = 1.0;
				PRODUCT_BUNDLE_IDENTIFIER = c.kevin.net.DYLiveBroadcastUITests;
				PRODUCT_NAME = "$(TARGET_NAME)";
				SWIFT_EMIT_LOC_STRINGS = NO;
				SWIFT_VERSION = 5.0;
				TARGETED_DEVICE_FAMILY = "1,2";
				TEST_TARGET_NAME = DYLiveBroadcast;
			};
			name = Release;
		};
/* End XCBuildConfiguration section */

/* Begin XCConfigurationList section */
		35C1398A28F85B220046696E /* Build configuration list for PBXProject "DYLiveBroadcast" */ = {
			isa = XCConfigurationList;
			buildConfigurations = (
				35C139B728F85B250046696E /* Debug */,
				35C139B828F85B250046696E /* Release */,
			);
			defaultConfigurationIsVisible = 0;
			defaultConfigurationName = Release;
		};
		35C139B928F85B250046696E /* Build configuration list for PBXNativeTarget "DYLiveBroadcast" */ = {
			isa = XCConfigurationList;
			buildConfigurations = (
				35C139BA28F85B250046696E /* Debug */,
				35C139BB28F85B250046696E /* Release */,
			);
			defaultConfigurationIsVisible = 0;
			defaultConfigurationName = Release;
		};
		35C139BC28F85B250046696E /* Build configuration list for PBXNativeTarget "DYLiveBroadcastTests" */ = {
			isa = XCConfigurationList;
			buildConfigurations = (
				35C139BD28F85B250046696E /* Debug */,
				35C139BE28F85B250046696E /* Release */,
			);
			defaultConfigurationIsVisible = 0;
			defaultConfigurationName = Release;
		};
		35C139BF28F85B250046696E /* Build configuration list for PBXNativeTarget "DYLiveBroadcastUITests" */ = {
			isa = XCConfigurationList;
			buildConfigurations = (
				35C139C028F85B250046696E /* Debug */,
				35C139C128F85B250046696E /* Release */,
			);
			defaultConfigurationIsVisible = 0;
			defaultConfigurationName = Release;
		};
/* End XCConfigurationList section */
	};
	rootObject = 35C1398728F85B220046696E /* Project object */;
}
